
Microsoft Visual Studio Solution File, Format Version 12.00
# Visual Studio 15
VisualStudioVersion = 15.0.26124.0
MinimumVisualStudioVersion = 15.0.26124.0
Project("{2150E333-8FDC-42A3-9474-1A3956D46DE8}") = "Application", "Application", "{9981D426-5A70-4C30-9F32-8E6075E7C48C}"
EndProject
Project("{2150E333-8FDC-42A3-9474-1A3956D46DE8}") = "Core", "Core", "{AB9857CE-87F4-461D-B5E7-9D231428E246}"
EndProject
Project("{2150E333-8FDC-42A3-9474-1A3956D46DE8}") = "Domain", "Domain", "{4D8BA862-7B30-4592-9874-9CAEBEA24717}"
EndProject
Project("{2150E333-8FDC-42A3-9474-1A3956D46DE8}") = "Infrastructure", "Infrastructure", "{D5F3A468-F8C1-4EAF-9008-CBDF203846A3}"
EndProject
Project("{2150E333-8FDC-42A3-9474-1A3956D46DE8}") = "Web", "Web", "{EE828B77-BA49-407E-AE68-CBFB52C681D1}"
EndProject
Project("{FAE04EC0-301F-11D3-BF4B-00C04F79EFBC}") = "Auth.Application", "Application\Auth.Application\Auth.Application.csproj", "{0248FADA-0709-4822-ADB0-AC9EAA03E9A6}"
EndProject
Project("{FAE04EC0-301F-11D3-BF4B-00C04F79EFBC}") = "Auth.Dto", "Application\Auth.Dto\Auth.Dto.csproj", "{83FBD5B2-D858-4013-A5DE-AC2D067BBB34}"
EndProject
Project("{FAE04EC0-301F-11D3-BF4B-00C04F79EFBC}") = "Auth.Core", "Core\Auth.Core\Auth.Core.csproj", "{F58D8FB9-C18C-4877-8B15-52FB258A0AAC}"
EndProject
Project("{FAE04EC0-301F-11D3-BF4B-00C04F79EFBC}") = "Auth.Entity", "Domain\Auth.Entity\Auth.Entity.csproj", "{0B913B90-180D-41FA-AB1A-460A228F2271}"
EndProject
Project("{FAE04EC0-301F-11D3-BF4B-00C04F79EFBC}") = "Auth.Repository", "Infrastructure\Auth.Repository\Auth.Repository.csproj", "{A159C340-34AC-4C31-A667-61EBDB04CB49}"
EndProject
Project("{FAE04EC0-301F-11D3-BF4B-00C04F79EFBC}") = "Auth.UI.Web", "Web\Auth.UI.Web\Auth.UI.Web.csproj", "{B9A52324-C0D0-42E0-94F4-488677CDE9F0}"
EndProject
Project("{FAE04EC0-301F-11D3-BF4B-00C04F79EFBC}") = "Auth.IRepository", "Domain\Auth.IRepository\Auth.IRepository.csproj", "{0F25F93A-C3DB-4462-A048-7DD410A6E2FC}"
EndProject
Project("{FAE04EC0-301F-11D3-BF4B-00C04F79EFBC}") = "Auth.SeedWork", "Domain\Auth.SeedWork\Auth.SeedWork.csproj", "{B4A3188A-6DEE-4AC6-9913-C5ED3133476B}"
EndProject
Project("{FAE04EC0-301F-11D3-BF4B-00C04F79EFBC}") = "Auth.ValueObjects", "Domain\Auth.ValueObjects\Auth.ValueObjects.csproj", "{4641E98F-B1CA-4FA5-B5F6-C5CA999F6019}"
EndProject
Project("{FAE04EC0-301F-11D3-BF4B-00C04F79EFBC}") = "Auth.Utility", "Core\Auth.Utility\Auth.Utility.csproj", "{7CFCD9D9-7544-4C82-ACCF-A87595853579}"
EndProject
Global
	GlobalSection(SolutionConfigurationPlatforms) = preSolution
		Debug|Any CPU = Debug|Any CPU
		Debug|x64 = Debug|x64
		Debug|x86 = Debug|x86
		Release|Any CPU = Release|Any CPU
		Release|x64 = Release|x64
		Release|x86 = Release|x86
	EndGlobalSection
	GlobalSection(SolutionProperties) = preSolution
		HideSolutionNode = FALSE
	EndGlobalSection
	GlobalSection(ProjectConfigurationPlatforms) = postSolution
		{0248FADA-0709-4822-ADB0-AC9EAA03E9A6}.Debug|Any CPU.ActiveCfg = Debug|Any CPU
		{0248FADA-0709-4822-ADB0-AC9EAA03E9A6}.Debug|Any CPU.Build.0 = Debug|Any CPU
		{0248FADA-0709-4822-ADB0-AC9EAA03E9A6}.Debug|x64.ActiveCfg = Debug|Any CPU
		{0248FADA-0709-4822-ADB0-AC9EAA03E9A6}.Debug|x64.Build.0 = Debug|Any CPU
		{0248FADA-0709-4822-ADB0-AC9EAA03E9A6}.Debug|x86.ActiveCfg = Debug|Any CPU
		{0248FADA-0709-4822-ADB0-AC9EAA03E9A6}.Debug|x86.Build.0 = Debug|Any CPU
		{0248FADA-0709-4822-ADB0-AC9EAA03E9A6}.Release|Any CPU.ActiveCfg = Release|Any CPU
		{0248FADA-0709-4822-ADB0-AC9EAA03E9A6}.Release|Any CPU.Build.0 = Release|Any CPU
		{0248FADA-0709-4822-ADB0-AC9EAA03E9A6}.Release|x64.ActiveCfg = Release|Any CPU
		{0248FADA-0709-4822-ADB0-AC9EAA03E9A6}.Release|x64.Build.0 = Release|Any CPU
		{0248FADA-0709-4822-ADB0-AC9EAA03E9A6}.Release|x86.ActiveCfg = Release|Any CPU
		{0248FADA-0709-4822-ADB0-AC9EAA03E9A6}.Release|x86.Build.0 = Release|Any CPU
		{83FBD5B2-D858-4013-A5DE-AC2D067BBB34}.Debug|Any CPU.ActiveCfg = Debug|Any CPU
		{83FBD5B2-D858-4013-A5DE-AC2D067BBB34}.Debug|Any CPU.Build.0 = Debug|Any CPU
		{83FBD5B2-D858-4013-A5DE-AC2D067BBB34}.Debug|x64.ActiveCfg = Debug|Any CPU
		{83FBD5B2-D858-4013-A5DE-AC2D067BBB34}.Debug|x64.Build.0 = Debug|Any CPU
		{83FBD5B2-D858-4013-A5DE-AC2D067BBB34}.Debug|x86.ActiveCfg = Debug|Any CPU
		{83FBD5B2-D858-4013-A5DE-AC2D067BBB34}.Debug|x86.Build.0 = Debug|Any CPU
		{83FBD5B2-D858-4013-A5DE-AC2D067BBB34}.Release|Any CPU.ActiveCfg = Release|Any CPU
		{83FBD5B2-D858-4013-A5DE-AC2D067BBB34}.Release|Any CPU.Build.0 = Release|Any CPU
		{83FBD5B2-D858-4013-A5DE-AC2D067BBB34}.Release|x64.ActiveCfg = Release|Any CPU
		{83FBD5B2-D858-4013-A5DE-AC2D067BBB34}.Release|x64.Build.0 = Release|Any CPU
		{83FBD5B2-D858-4013-A5DE-AC2D067BBB34}.Release|x86.ActiveCfg = Release|Any CPU
		{83FBD5B2-D858-4013-A5DE-AC2D067BBB34}.Release|x86.Build.0 = Release|Any CPU
		{F58D8FB9-C18C-4877-8B15-52FB258A0AAC}.Debug|Any CPU.ActiveCfg = Debug|Any CPU
		{F58D8FB9-C18C-4877-8B15-52FB258A0AAC}.Debug|Any CPU.Build.0 = Debug|Any CPU
		{F58D8FB9-C18C-4877-8B15-52FB258A0AAC}.Debug|x64.ActiveCfg = Debug|Any CPU
		{F58D8FB9-C18C-4877-8B15-52FB258A0AAC}.Debug|x64.Build.0 = Debug|Any CPU
		{F58D8FB9-C18C-4877-8B15-52FB258A0AAC}.Debug|x86.ActiveCfg = Debug|Any CPU
		{F58D8FB9-C18C-4877-8B15-52FB258A0AAC}.Debug|x86.Build.0 = Debug|Any CPU
		{F58D8FB9-C18C-4877-8B15-52FB258A0AAC}.Release|Any CPU.ActiveCfg = Release|Any CPU
		{F58D8FB9-C18C-4877-8B15-52FB258A0AAC}.Release|Any CPU.Build.0 = Release|Any CPU
		{F58D8FB9-C18C-4877-8B15-52FB258A0AAC}.Release|x64.ActiveCfg = Release|Any CPU
		{F58D8FB9-C18C-4877-8B15-52FB258A0AAC}.Release|x64.Build.0 = Release|Any CPU
		{F58D8FB9-C18C-4877-8B15-52FB258A0AAC}.Release|x86.ActiveCfg = Release|Any CPU
		{F58D8FB9-C18C-4877-8B15-52FB258A0AAC}.Release|x86.Build.0 = Release|Any CPU
		{0B913B90-180D-41FA-AB1A-460A228F2271}.Debug|Any CPU.ActiveCfg = Debug|Any CPU
		{0B913B90-180D-41FA-AB1A-460A228F2271}.Debug|Any CPU.Build.0 = Debug|Any CPU
		{0B913B90-180D-41FA-AB1A-460A228F2271}.Debug|x64.ActiveCfg = Debug|Any CPU
		{0B913B90-180D-41FA-AB1A-460A228F2271}.Debug|x64.Build.0 = Debug|Any CPU
		{0B913B90-180D-41FA-AB1A-460A228F2271}.Debug|x86.ActiveCfg = Debug|Any CPU
		{0B913B90-180D-41FA-AB1A-460A228F2271}.Debug|x86.Build.0 = Debug|Any CPU
		{0B913B90-180D-41FA-AB1A-460A228F2271}.Release|Any CPU.ActiveCfg = Release|Any CPU
		{0B913B90-180D-41FA-AB1A-460A228F2271}.Release|Any CPU.Build.0 = Release|Any CPU
		{0B913B90-180D-41FA-AB1A-460A228F2271}.Release|x64.ActiveCfg = Release|Any CPU
		{0B913B90-180D-41FA-AB1A-460A228F2271}.Release|x64.Build.0 = Release|Any CPU
		{0B913B90-180D-41FA-AB1A-460A228F2271}.Release|x86.ActiveCfg = Release|Any CPU
		{0B913B90-180D-41FA-AB1A-460A228F2271}.Release|x86.Build.0 = Release|Any CPU
		{A159C340-34AC-4C31-A667-61EBDB04CB49}.Debug|Any CPU.ActiveCfg = Debug|Any CPU
		{A159C340-34AC-4C31-A667-61EBDB04CB49}.Debug|Any CPU.Build.0 = Debug|Any CPU
		{A159C340-34AC-4C31-A667-61EBDB04CB49}.Debug|x64.ActiveCfg = Debug|Any CPU
		{A159C340-34AC-4C31-A667-61EBDB04CB49}.Debug|x64.Build.0 = Debug|Any CPU
		{A159C340-34AC-4C31-A667-61EBDB04CB49}.Debug|x86.ActiveCfg = Debug|Any CPU
		{A159C340-34AC-4C31-A667-61EBDB04CB49}.Debug|x86.Build.0 = Debug|Any CPU
		{A159C340-34AC-4C31-A667-61EBDB04CB49}.Release|Any CPU.ActiveCfg = Release|Any CPU
		{A159C340-34AC-4C31-A667-61EBDB04CB49}.Release|Any CPU.Build.0 = Release|Any CPU
		{A159C340-34AC-4C31-A667-61EBDB04CB49}.Release|x64.ActiveCfg = Release|Any CPU
		{A159C340-34AC-4C31-A667-61EBDB04CB49}.Release|x64.Build.0 = Release|Any CPU
		{A159C340-34AC-4C31-A667-61EBDB04CB49}.Release|x86.ActiveCfg = Release|Any CPU
		{A159C340-34AC-4C31-A667-61EBDB04CB49}.Release|x86.Build.0 = Release|Any CPU
		{B9A52324-C0D0-42E0-94F4-488677CDE9F0}.Debug|Any CPU.ActiveCfg = Debug|Any CPU
		{B9A52324-C0D0-42E0-94F4-488677CDE9F0}.Debug|Any CPU.Build.0 = Debug|Any CPU
		{B9A52324-C0D0-42E0-94F4-488677CDE9F0}.Debug|x64.ActiveCfg = Debug|Any CPU
		{B9A52324-C0D0-42E0-94F4-488677CDE9F0}.Debug|x64.Build.0 = Debug|Any CPU
		{B9A52324-C0D0-42E0-94F4-488677CDE9F0}.Debug|x86.ActiveCfg = Debug|Any CPU
		{B9A52324-C0D0-42E0-94F4-488677CDE9F0}.Debug|x86.Build.0 = Debug|Any CPU
		{B9A52324-C0D0-42E0-94F4-488677CDE9F0}.Release|Any CPU.ActiveCfg = Release|Any CPU
		{B9A52324-C0D0-42E0-94F4-488677CDE9F0}.Release|Any CPU.Build.0 = Release|Any CPU
		{B9A52324-C0D0-42E0-94F4-488677CDE9F0}.Release|x64.ActiveCfg = Release|Any CPU
		{B9A52324-C0D0-42E0-94F4-488677CDE9F0}.Release|x64.Build.0 = Release|Any CPU
		{B9A52324-C0D0-42E0-94F4-488677CDE9F0}.Release|x86.ActiveCfg = Release|Any CPU
		{B9A52324-C0D0-42E0-94F4-488677CDE9F0}.Release|x86.Build.0 = Release|Any CPU
		{0F25F93A-C3DB-4462-A048-7DD410A6E2FC}.Debug|Any CPU.ActiveCfg = Debug|Any CPU
		{0F25F93A-C3DB-4462-A048-7DD410A6E2FC}.Debug|Any CPU.Build.0 = Debug|Any CPU
		{0F25F93A-C3DB-4462-A048-7DD410A6E2FC}.Debug|x64.ActiveCfg = Debug|Any CPU
		{0F25F93A-C3DB-4462-A048-7DD410A6E2FC}.Debug|x64.Build.0 = Debug|Any CPU
		{0F25F93A-C3DB-4462-A048-7DD410A6E2FC}.Debug|x86.ActiveCfg = Debug|Any CPU
		{0F25F93A-C3DB-4462-A048-7DD410A6E2FC}.Debug|x86.Build.0 = Debug|Any CPU
		{0F25F93A-C3DB-4462-A048-7DD410A6E2FC}.Release|Any CPU.ActiveCfg = Release|Any CPU
		{0F25F93A-C3DB-4462-A048-7DD410A6E2FC}.Release|Any CPU.Build.0 = Release|Any CPU
		{0F25F93A-C3DB-4462-A048-7DD410A6E2FC}.Release|x64.ActiveCfg = Release|Any CPU
		{0F25F93A-C3DB-4462-A048-7DD410A6E2FC}.Release|x64.Build.0 = Release|Any CPU
		{0F25F93A-C3DB-4462-A048-7DD410A6E2FC}.Release|x86.ActiveCfg = Release|Any CPU
		{0F25F93A-C3DB-4462-A048-7DD410A6E2FC}.Release|x86.Build.0 = Release|Any CPU
		{B4A3188A-6DEE-4AC6-9913-C5ED3133476B}.Debug|Any CPU.ActiveCfg = Debug|Any CPU
		{B4A3188A-6DEE-4AC6-9913-C5ED3133476B}.Debug|Any CPU.Build.0 = Debug|Any CPU
		{B4A3188A-6DEE-4AC6-9913-C5ED3133476B}.Debug|x64.ActiveCfg = Debug|Any CPU
		{B4A3188A-6DEE-4AC6-9913-C5ED3133476B}.Debug|x64.Build.0 = Debug|Any CPU
		{B4A3188A-6DEE-4AC6-9913-C5ED3133476B}.Debug|x86.ActiveCfg = Debug|Any CPU
		{B4A3188A-6DEE-4AC6-9913-C5ED3133476B}.Debug|x86.Build.0 = Debug|Any CPU
		{B4A3188A-6DEE-4AC6-9913-C5ED3133476B}.Release|Any CPU.ActiveCfg = Release|Any CPU
		{B4A3188A-6DEE-4AC6-9913-C5ED3133476B}.Release|Any CPU.Build.0 = Release|Any CPU
		{B4A3188A-6DEE-4AC6-9913-C5ED3133476B}.Release|x64.ActiveCfg = Release|Any CPU
		{B4A3188A-6DEE-4AC6-9913-C5ED3133476B}.Release|x64.Build.0 = Release|Any CPU
		{B4A3188A-6DEE-4AC6-9913-C5ED3133476B}.Release|x86.ActiveCfg = Release|Any CPU
		{B4A3188A-6DEE-4AC6-9913-C5ED3133476B}.Release|x86.Build.0 = Release|Any CPU
		{4641E98F-B1CA-4FA5-B5F6-C5CA999F6019}.Debug|Any CPU.ActiveCfg = Debug|Any CPU
		{4641E98F-B1CA-4FA5-B5F6-C5CA999F6019}.Debug|Any CPU.Build.0 = Debug|Any CPU
		{4641E98F-B1CA-4FA5-B5F6-C5CA999F6019}.Debug|x64.ActiveCfg = Debug|Any CPU
		{4641E98F-B1CA-4FA5-B5F6-C5CA999F6019}.Debug|x64.Build.0 = Debug|Any CPU
		{4641E98F-B1CA-4FA5-B5F6-C5CA999F6019}.Debug|x86.ActiveCfg = Debug|Any CPU
		{4641E98F-B1CA-4FA5-B5F6-C5CA999F6019}.Debug|x86.Build.0 = Debug|Any CPU
		{4641E98F-B1CA-4FA5-B5F6-C5CA999F6019}.Release|Any CPU.ActiveCfg = Release|Any CPU
		{4641E98F-B1CA-4FA5-B5F6-C5CA999F6019}.Release|Any CPU.Build.0 = Release|Any CPU
		{4641E98F-B1CA-4FA5-B5F6-C5CA999F6019}.Release|x64.ActiveCfg = Release|Any CPU
		{4641E98F-B1CA-4FA5-B5F6-C5CA999F6019}.Release|x64.Build.0 = Release|Any CPU
		{4641E98F-B1CA-4FA5-B5F6-C5CA999F6019}.Release|x86.ActiveCfg = Release|Any CPU
		{4641E98F-B1CA-4FA5-B5F6-C5CA999F6019}.Release|x86.Build.0 = Release|Any CPU
		{7CFCD9D9-7544-4C82-ACCF-A87595853579}.Debug|Any CPU.ActiveCfg = Debug|Any CPU
		{7CFCD9D9-7544-4C82-ACCF-A87595853579}.Debug|Any CPU.Build.0 = Debug|Any CPU
		{7CFCD9D9-7544-4C82-ACCF-A87595853579}.Debug|x64.ActiveCfg = Debug|Any CPU
		{7CFCD9D9-7544-4C82-ACCF-A87595853579}.Debug|x64.Build.0 = Debug|Any CPU
		{7CFCD9D9-7544-4C82-ACCF-A87595853579}.Debug|x86.ActiveCfg = Debug|Any CPU
		{7CFCD9D9-7544-4C82-ACCF-A87595853579}.Debug|x86.Build.0 = Debug|Any CPU
		{7CFCD9D9-7544-4C82-ACCF-A87595853579}.Release|Any CPU.ActiveCfg = Release|Any CPU
		{7CFCD9D9-7544-4C82-ACCF-A87595853579}.Release|Any CPU.Build.0 = Release|Any CPU
		{7CFCD9D9-7544-4C82-ACCF-A87595853579}.Release|x64.ActiveCfg = Release|Any CPU
		{7CFCD9D9-7544-4C82-ACCF-A87595853579}.Release|x64.Build.0 = Release|Any CPU
		{7CFCD9D9-7544-4C82-ACCF-A87595853579}.Release|x86.ActiveCfg = Release|Any CPU
		{7CFCD9D9-7544-4C82-ACCF-A87595853579}.Release|x86.Build.0 = Release|Any CPU
	EndGlobalSection
	GlobalSection(NestedProjects) = preSolution
		{0248FADA-0709-4822-ADB0-AC9EAA03E9A6} = {9981D426-5A70-4C30-9F32-8E6075E7C48C}
		{83FBD5B2-D858-4013-A5DE-AC2D067BBB34} = {9981D426-5A70-4C30-9F32-8E6075E7C48C}
		{F58D8FB9-C18C-4877-8B15-52FB258A0AAC} = {AB9857CE-87F4-461D-B5E7-9D231428E246}
		{0B913B90-180D-41FA-AB1A-460A228F2271} = {4D8BA862-7B30-4592-9874-9CAEBEA24717}
		{A159C340-34AC-4C31-A667-61EBDB04CB49} = {D5F3A468-F8C1-4EAF-9008-CBDF203846A3}
		{B9A52324-C0D0-42E0-94F4-488677CDE9F0} = {EE828B77-BA49-407E-AE68-CBFB52C681D1}
		{0F25F93A-C3DB-4462-A048-7DD410A6E2FC} = {4D8BA862-7B30-4592-9874-9CAEBEA24717}
		{B4A3188A-6DEE-4AC6-9913-C5ED3133476B} = {4D8BA862-7B30-4592-9874-9CAEBEA24717}
		{4641E98F-B1CA-4FA5-B5F6-C5CA999F6019} = {4D8BA862-7B30-4592-9874-9CAEBEA24717}
		{7CFCD9D9-7544-4C82-ACCF-A87595853579} = {AB9857CE-87F4-461D-B5E7-9D231428E246}
	EndGlobalSection
	GlobalSection(MonoDevelopProperties) = preSolution
		Policies = $0
		$0.DotNetNamingPolicy = $1
		$1.DirectoryNamespaceAssociation = PrefixedHierarchical
		$0.TextStylePolicy = $2
		$2.inheritsSet = null
		$2.scope = text/x-csharp
		$0.CSharpFormattingPolicy = $3
		$3.scope = text/x-csharp
		$0.StandardHeader = $4
	EndGlobalSection
EndGlobal
